// !$*UTF8*$!
{
	archiveVersion = 1;
	classes = {
	};
	objectVersion = 50;
	objects = {

/* Begin PBXBuildFile section */
		C17E6A5024C23900000322C4 /* AppDelegate.swift in Sources */ = {isa = PBXBuildFile; fileRef = C17E6A4F24C23900000322C4 /* AppDelegate.swift */; };
		C17E6A5224C23900000322C4 /* SceneDelegate.swift in Sources */ = {isa = PBXBuildFile; fileRef = C17E6A5124C23900000322C4 /* SceneDelegate.swift */; };
		C17E6A5424C23900000322C4 /* ViewController.swift in Sources */ = {isa = PBXBuildFile; fileRef = C17E6A5324C23900000322C4 /* ViewController.swift */; };
		C17E6A5724C23900000322C4 /* Main.storyboard in Resources */ = {isa = PBXBuildFile; fileRef = C17E6A5524C23900000322C4 /* Main.storyboard */; };
		C17E6A5924C23901000322C4 /* Assets.xcassets in Resources */ = {isa = PBXBuildFile; fileRef = C17E6A5824C23901000322C4 /* Assets.xcassets */; };
		C17E6A5C24C23901000322C4 /* LaunchScreen.storyboard in Resources */ = {isa = PBXBuildFile; fileRef = C17E6A5A24C23901000322C4 /* LaunchScreen.storyboard */; };
		C17E6A6724C23901000322C4 /* tipTests.swift in Sources */ = {isa = PBXBuildFile; fileRef = C17E6A6624C23901000322C4 /* tipTests.swift */; };
		C17E6A7224C23901000322C4 /* tipUITests.swift in Sources */ = {isa = PBXBuildFile; fileRef = C17E6A7124C23901000322C4 /* tipUITests.swift */; };
/* End PBXBuildFile section */

/* Begin PBXContainerItemProxy section */
		C17E6A6324C23901000322C4 /* PBXContainerItemProxy */ = {
			isa = PBXContainerItemProxy;
			containerPortal = C17E6A4424C23900000322C4 /* Project object */;
			proxyType = 1;
			remoteGlobalIDString = C17E6A4B24C23900000322C4;
			remoteInfo = tip;
		};
		C17E6A6E24C23901000322C4 /* PBXContainerItemProxy */ = {
			isa = PBXContainerItemProxy;
			containerPortal = C17E6A4424C23900000322C4 /* Project object */;
			proxyType = 1;
			remoteGlobalIDString = C17E6A4B24C23900000322C4;
			remoteInfo = tip;
		};
/* End PBXContainerItemProxy section */

/* Begin PBXFileReference section */
		C17E6A4C24C23900000322C4 /* tip.app */ = {isa = PBXFileReference; explicitFileType = wrapper.application; includeInIndex = 0; path = tip.app; sourceTree = BUILT_PRODUCTS_DIR; };
		C17E6A4F24C23900000322C4 /* AppDelegate.swift */ = {isa = PBXFileReference; lastKnownFileType = sourcecode.swift; path = AppDelegate.swift; sourceTree = "<group>"; };
		C17E6A5124C23900000322C4 /* SceneDelegate.swift */ = {isa = PBXFileReference; lastKnownFileType = sourcecode.swift; path = SceneDelegate.swift; sourceTree = "<group>"; };
		C17E6A5324C23900000322C4 /* ViewController.swift */ = {isa = PBXFileReference; lastKnownFileType = sourcecode.swift; path = ViewController.swift; sourceTree = "<group>"; };
		C17E6A5624C23900000322C4 /* Base */ = {isa = PBXFileReference; lastKnownFileType = file.storyboard; name = Base; path = Base.lproj/Main.storyboard; sourceTree = "<group>"; };
		C17E6A5824C23901000322C4 /* Assets.xcassets */ = {isa = PBXFileReference; lastKnownFileType = folder.assetcatalog; path = Assets.xcassets; sourceTree = "<group>"; };
		C17E6A5B24C23901000322C4 /* Base */ = {isa = PBXFileReference; lastKnownFileType = file.storyboard; name = Base; path = Base.lproj/LaunchScreen.storyboard; sourceTree = "<group>"; };
		C17E6A5D24C23901000322C4 /* Info.plist */ = {isa = PBXFileReference; lastKnownFileType = text.plist.xml; path = Info.plist; sourceTree = "<group>"; };
		C17E6A6224C23901000322C4 /* tipTests.xctest */ = {isa = PBXFileReference; explicitFileType = wrapper.cfbundle; includeInIndex = 0; path = tipTests.xctest; sourceTree = BUILT_PRODUCTS_DIR; };
		C17E6A6624C23901000322C4 /* tipTests.swift */ = {isa = PBXFileReference; lastKnownFileType = sourcecode.swift; path = tipTests.swift; sourceTree = "<group>"; };
		C17E6A6824C23901000322C4 /* Info.plist */ = {isa = PBXFileReference; lastKnownFileType = text.plist.xml; path = Info.plist; sourceTree = "<group>"; };
		C17E6A6D24C23901000322C4 /* tipUITests.xctest */ = {isa = PBXFileReference; explicitFileType = wrapper.cfbundle; includeInIndex = 0; path = tipUITests.xctest; sourceTree = BUILT_PRODUCTS_DIR; };
		C17E6A7124C23901000322C4 /* tipUITests.swift */ = {isa = PBXFileReference; lastKnownFileType = sourcecode.swift; path = tipUITests.swift; sourceTree = "<group>"; };
		C17E6A7324C23901000322C4 /* Info.plist */ = {isa = PBXFileReference; lastKnownFileType = text.plist.xml; path = Info.plist; sourceTree = "<group>"; };
/* End PBXFileReference section */

/* Begin PBXFrameworksBuildPhase section */
		C17E6A4924C23900000322C4 /* Frameworks */ = {
			isa = PBXFrameworksBuildPhase;
			buildActionMask = 2147483647;
			files = (
			);
			runOnlyForDeploymentPostprocessing = 0;
		};
		C17E6A5F24C23901000322C4 /* Frameworks */ = {
			isa = PBXFrameworksBuildPhase;
			buildActionMask = 2147483647;
			files = (
			);
			runOnlyForDeploymentPostprocessing = 0;
		};
		C17E6A6A24C23901000322C4 /* Frameworks */ = {
			isa = PBXFrameworksBuildPhase;
			buildActionMask = 2147483647;
			files = (
			);
			runOnlyForDeploymentPostprocessing = 0;
		};
/* End PBXFrameworksBuildPhase section */

/* Begin PBXGroup section */
		C17E6A4324C23900000322C4 = {
			isa = PBXGroup;
			children = (
				C17E6A4E24C23900000322C4 /* tip */,
				C17E6A6524C23901000322C4 /* tipTests */,
				C17E6A7024C23901000322C4 /* tipUITests */,
				C17E6A4D24C23900000322C4 /* Products */,
			);
			sourceTree = "<group>";
		};
		C17E6A4D24C23900000322C4 /* Products */ = {
			isa = PBXGroup;
			children = (
				C17E6A4C24C23900000322C4 /* tip.app */,
				C17E6A6224C23901000322C4 /* tipTests.xctest */,
				C17E6A6D24C23901000322C4 /* tipUITests.xctest */,
			);
			name = Products;
			sourceTree = "<group>";
		};
		C17E6A4E24C23900000322C4 /* tip */ = {
			isa = PBXGroup;
			children = (
				C17E6A4F24C23900000322C4 /* AppDelegate.swift */,
				C17E6A5124C23900000322C4 /* SceneDelegate.swift */,
				C17E6A5324C23900000322C4 /* ViewController.swift */,
				C17E6A5524C23900000322C4 /* Main.storyboard */,
				C17E6A5824C23901000322C4 /* Assets.xcassets */,
				C17E6A5A24C23901000322C4 /* LaunchScreen.storyboard */,
				C17E6A5D24C23901000322C4 /* Info.plist */,
			);
			path = tip;
			sourceTree = "<group>";
		};
		C17E6A6524C23901000322C4 /* tipTests */ = {
			isa = PBXGroup;
			children = (
				C17E6A6624C23901000322C4 /* tipTests.swift */,
				C17E6A6824C23901000322C4 /* Info.plist */,
			);
			path = tipTests;
			sourceTree = "<group>";
		};
		C17E6A7024C23901000322C4 /* tipUITests */ = {
			isa = PBXGroup;
			children = (
				C17E6A7124C23901000322C4 /* tipUITests.swift */,
				C17E6A7324C23901000322C4 /* Info.plist */,
			);
			path = tipUITests;
			sourceTree = "<group>";
		};
/* End PBXGroup section */

/* Begin PBXNativeTarget section */
		C17E6A4B24C23900000322C4 /* tip */ = {
			isa = PBXNativeTarget;
			buildConfigurationList = C17E6A7624C23901000322C4 /* Build configuration list for PBXNativeTarget "tip" */;
			buildPhases = (
				C17E6A4824C23900000322C4 /* Sources */,
				C17E6A4924C23900000322C4 /* Frameworks */,
				C17E6A4A24C23900000322C4 /* Resources */,
			);
			buildRules = (
			);
			dependencies = (
			);
			name = tip;
			productName = tip;
			productReference = C17E6A4C24C23900000322C4 /* tip.app */;
			productType = "com.apple.product-type.application";
		};
		C17E6A6124C23901000322C4 /* tipTests */ = {
			isa = PBXNativeTarget;
			buildConfigurationList = C17E6A7924C23901000322C4 /* Build configuration list for PBXNativeTarget "tipTests" */;
			buildPhases = (
				C17E6A5E24C23901000322C4 /* Sources */,
				C17E6A5F24C23901000322C4 /* Frameworks */,
				C17E6A6024C23901000322C4 /* Resources */,
			);
			buildRules = (
			);
			dependencies = (
				C17E6A6424C23901000322C4 /* PBXTargetDependency */,
			);
			name = tipTests;
			productName = tipTests;
			productReference = C17E6A6224C23901000322C4 /* tipTests.xctest */;
			productType = "com.apple.product-type.bundle.unit-test";
		};
		C17E6A6C24C23901000322C4 /* tipUITests */ = {
			isa = PBXNativeTarget;
			buildConfigurationList = C17E6A7C24C23901000322C4 /* Build configuration list for PBXNativeTarget "tipUITests" */;
			buildPhases = (
				C17E6A6924C23901000322C4 /* Sources */,
				C17E6A6A24C23901000322C4 /* Frameworks */,
				C17E6A6B24C23901000322C4 /* Resources */,
			);
			buildRules = (
			);
			dependencies = (
				C17E6A6F24C23901000322C4 /* PBXTargetDependency */,
			);
			name = tipUITests;
			productName = tipUITests;
			productReference = C17E6A6D24C23901000322C4 /* tipUITests.xctest */;
			productType = "com.apple.product-type.bundle.ui-testing";
		};
/* End PBXNativeTarget section */

/* Begin PBXProject section */
		C17E6A4424C23900000322C4 /* Project object */ = {
			isa = PBXProject;
			attributes = {
				LastSwiftUpdateCheck = 1160;
				LastUpgradeCheck = 1160;
				ORGANIZATIONNAME = Codepath;
				TargetAttributes = {
					C17E6A4B24C23900000322C4 = {
						CreatedOnToolsVersion = 11.6;
					};
					C17E6A6124C23901000322C4 = {
						CreatedOnToolsVersion = 11.6;
						TestTargetID = C17E6A4B24C23900000322C4;
					};
					C17E6A6C24C23901000322C4 = {
						CreatedOnToolsVersion = 11.6;
						TestTargetID = C17E6A4B24C23900000322C4;
					};
				};
			};
			buildConfigurationList = C17E6A4724C23900000322C4 /* Build configuration list for PBXProject "tip" */;
			compatibilityVersion = "Xcode 9.3";
			developmentRegion = en;
			hasScannedForEncodings = 0;
			knownRegions = (
				en,
				Base,
			);
			mainGroup = C17E6A4324C23900000322C4;
			productRefGroup = C17E6A4D24C23900000322C4 /* Products */;
			projectDirPath = "";
			projectRoot = "";
			targets = (
				C17E6A4B24C23900000322C4 /* tip */,
				C17E6A6124C23901000322C4 /* tipTests */,
				C17E6A6C24C23901000322C4 /* tipUITests */,
			);
		};
/* End PBXProject section */

/* Begin PBXResourcesBuildPhase section */
		C17E6A4A24C23900000322C4 /* Resources */ = {
			isa = PBXResourcesBuildPhase;
			buildActionMask = 2147483647;
			files = (
				C17E6A5C24C23901000322C4 /* LaunchScreen.storyboard in Resources */,
				C17E6A5924C23901000322C4 /* Assets.xcassets in Resources */,
				C17E6A5724C23900000322C4 /* Main.storyboard in Resources */,
			);
			runOnlyForDeploymentPostprocessing = 0;
		};
		C17E6A6024C23901000322C4 /* Resources */ = {
			isa = PBXResourcesBuildPhase;
			buildActionMask = 2147483647;
			files = (
			);
			runOnlyForDeploymentPostprocessing = 0;
		};
		C17E6A6B24C23901000322C4 /* Resources */ = {
			isa = PBXResourcesBuildPhase;
			buildActionMask = 2147483647;
			files = (
			);
			runOnlyForDeploymentPostprocessing = 0;
		};
/* End PBXResourcesBuildPhase section */

/* Begin PBXSourcesBuildPhase section */
		C17E6A4824C23900000322C4 /* Sources */ = {
			isa = PBXSourcesBuildPhase;
			buildActionMask = 2147483647;
			files = (
				C17E6A5424C23900000322C4 /* ViewController.swift in Sources */,
				C17E6A5024C23900000322C4 /* AppDelegate.swift in Sources */,
				C17E6A5224C23900000322C4 /* SceneDelegate.swift in Sources */,
			);
			runOnlyForDeploymentPostprocessing = 0;
		};
		C17E6A5E24C23901000322C4 /* Sources */ = {
			isa = PBXSourcesBuildPhase;
			buildActionMask = 2147483647;
			files = (
				C17E6A6724C23901000322C4 /* tipTests.swift in Sources */,
			);
			runOnlyForDeploymentPostprocessing = 0;
		};
		C17E6A6924C23901000322C4 /* Sources */ = {
			isa = PBXSourcesBuildPhase;
			buildActionMask = 2147483647;
			files = (
				C17E6A7224C23901000322C4 /* tipUITests.swift in Sources */,
			);
			runOnlyForDeploymentPostprocessing = 0;
		};
/* End PBXSourcesBuildPhase section */

/* Begin PBXTargetDependency section */
		C17E6A6424C23901000322C4 /* PBXTargetDependency */ = {
			isa = PBXTargetDependency;
			target = C17E6A4B24C23900000322C4 /* tip */;
			targetProxy = C17E6A6324C23901000322C4 /* PBXContainerItemProxy */;
		};
		C17E6A6F24C23901000322C4 /* PBXTargetDependency */ = {
			isa = PBXTargetDependency;
			target = C17E6A4B24C23900000322C4 /* tip */;
			targetProxy = C17E6A6E24C23901000322C4 /* PBXContainerItemProxy */;
		};
/* End PBXTargetDependency section */

/* Begin PBXVariantGroup section */
		C17E6A5524C23900000322C4 /* Main.storyboard */ = {
			isa = PBXVariantGroup;
			children = (
				C17E6A5624C23900000322C4 /* Base */,
			);
			name = Main.storyboard;
			sourceTree = "<group>";
		};
		C17E6A5A24C23901000322C4 /* LaunchScreen.storyboard */ = {
			isa = PBXVariantGroup;
			children = (
				C17E6A5B24C23901000322C4 /* Base */,
			);
			name = LaunchScreen.storyboard;
			sourceTree = "<group>";
		};
/* End PBXVariantGroup section */

/* Begin XCBuildConfiguration section */
		C17E6A7424C23901000322C4 /* Debug */ = {
			isa = XCBuildConfiguration;
			buildSettings = {
				ALWAYS_SEARCH_USER_PATHS = NO;
				CLANG_ANALYZER_NONNULL = YES;
				CLANG_ANALYZER_NUMBER_OBJECT_CONVERSION = YES_AGGRESSIVE;
				CLANG_CXX_LANGUAGE_STANDARD = "gnu++14";
				CLANG_CXX_LIBRARY = "libc++";
				CLANG_ENABLE_MODULES = YES;
				CLANG_ENABLE_OBJC_ARC = YES;
				CLANG_ENABLE_OBJC_WEAK = YES;
				CLANG_WARN_BLOCK_CAPTURE_AUTORELEASING = YES;
				CLANG_WARN_BOOL_CONVERSION = YES;
				CLANG_WARN_COMMA = YES;
				CLANG_WARN_CONSTANT_CONVERSION = YES;
				CLANG_WARN_DEPRECATED_OBJC_IMPLEMENTATIONS = YES;
				CLANG_WARN_DIRECT_OBJC_ISA_USAGE = YES_ERROR;
				CLANG_WARN_DOCUMENTATION_COMMENTS = YES;
				CLANG_WARN_EMPTY_BODY = YES;
				CLANG_WARN_ENUM_CONVERSION = YES;
				CLANG_WARN_INFINITE_RECURSION = YES;
				CLANG_WARN_INT_CONVERSION = YES;
				CLANG_WARN_NON_LITERAL_NULL_CONVERSION = YES;
				CLANG_WARN_OBJC_IMPLICIT_RETAIN_SELF = YES;
				CLANG_WARN_OBJC_LITERAL_CONVERSION = YES;
				CLANG_WARN_OBJC_ROOT_CLASS = YES_ERROR;
				CLANG_WARN_RANGE_LOOP_ANALYSIS = YES;
				CLANG_WARN_STRICT_PROTOTYPES = YES;
				CLANG_WARN_SUSPICIOUS_MOVE = YES;
				CLANG_WARN_UNGUARDED_AVAILABILITY = YES_AGGRESSIVE;
				CLANG_WARN_UNREACHABLE_CODE = YES;
				CLANG_WARN__DUPLICATE_METHOD_MATCH = YES;
				COPY_PHASE_STRIP = NO;
				DEBUG_INFORMATION_FORMAT = dwarf;
				ENABLE_STRICT_OBJC_MSGSEND = YES;
				ENABLE_TESTABILITY = YES;
				GCC_C_LANGUAGE_STANDARD = gnu11;
				GCC_DYNAMIC_NO_PIC = NO;
				GCC_NO_COMMON_BLOCKS = YES;
				GCC_OPTIMIZATION_LEVEL = 0;
				GCC_PREPROCESSOR_DEFINITIONS = (
					"DEBUG=1",
					"$(inherited)",
				);
				GCC_WARN_64_TO_32_BIT_CONVERSION = YES;
				GCC_WARN_ABOUT_RETURN_TYPE = YES_ERROR;
				GCC_WARN_UNDECLARED_SELECTOR = YES;
				GCC_WARN_UNINITIALIZED_AUTOS = YES_AGGRESSIVE;
				GCC_WARN_UNUSED_FUNCTION = YES;
				GCC_WARN_UNUSED_VARIABLE = YES;
				IPHONEOS_DEPLOYMENT_TARGET = 13.6;
				MTL_ENABLE_DEBUG_INFO = INCLUDE_SOURCE;
				MTL_FAST_MATH = YES;
				ONLY_ACTIVE_ARCH = YES;
				SDKROOT = iphoneos;
				SWIFT_ACTIVE_COMPILATION_CONDITIONS = DEBUG;
				SWIFT_OPTIMIZATION_LEVEL = "-Onone";
			};
			name = Debug;
		};
		C17E6A7524C23901000322C4 /* Release */ = {
			isa = XCBuildConfiguration;
			buildSettings = {
				ALWAYS_SEARCH_USER_PATHS = NO;
				CLANG_ANALYZER_NONNULL = YES;
				CLANG_ANALYZER_NUMBER_OBJECT_CONVERSION = YES_AGGRESSIVE;
				CLANG_CXX_LANGUAGE_STANDARD = "gnu++14";
				CLANG_CXX_LIBRARY = "libc++";
				CLANG_ENABLE_MODULES = YES;
				CLANG_ENABLE_OBJC_ARC = YES;
				CLANG_ENABLE_OBJC_WEAK = YES;
				CLANG_WARN_BLOCK_CAPTURE_AUTORELEASING = YES;
				CLANG_WARN_BOOL_CONVERSION = YES;
				CLANG_WARN_COMMA = YES;
				CLANG_WARN_CONSTANT_CONVERSION = YES;
				CLANG_WARN_DEPRECATED_OBJC_IMPLEMENTATIONS = YES;
				CLANG_WARN_DIRECT_OBJC_ISA_USAGE = YES_ERROR;
				CLANG_WARN_DOCUMENTATION_COMMENTS = YES;
				CLANG_WARN_EMPTY_BODY = YES;
				CLANG_WARN_ENUM_CONVERSION = YES;
				CLANG_WARN_INFINITE_RECURSION = YES;
				CLANG_WARN_INT_CONVERSION = YES;
				CLANG_WARN_NON_LITERAL_NULL_CONVERSION = YES;
				CLANG_WARN_OBJC_IMPLICIT_RETAIN_SELF = YES;
				CLANG_WARN_OBJC_LITERAL_CONVERSION = YES;
				CLANG_WARN_OBJC_ROOT_CLASS = YES_ERROR;
				CLANG_WARN_RANGE_LOOP_ANALYSIS = YES;
				CLANG_WARN_STRICT_PROTOTYPES = YES;
				CLANG_WARN_SUSPICIOUS_MOVE = YES;
				CLANG_WARN_UNGUARDED_AVAILABILITY = YES_AGGRESSIVE;
				CLANG_WARN_UNREACHABLE_CODE = YES;
				CLANG_WARN__DUPLICATE_METHOD_MATCH = YES;
				COPY_PHASE_STRIP = NO;
				DEBUG_INFORMATION_FORMAT = "dwarf-with-dsym";
				ENABLE_NS_ASSERTIONS = NO;
				ENABLE_STRICT_OBJC_MSGSEND = YES;
				GCC_C_LANGUAGE_STANDARD = gnu11;
				GCC_NO_COMMON_BLOCKS = YES;
				GCC_WARN_64_TO_32_BIT_CONVERSION = YES;
				GCC_WARN_ABOUT_RETURN_TYPE = YES_ERROR;
				GCC_WARN_UNDECLARED_SELECTOR = YES;
				GCC_WARN_UNINITIALIZED_AUTOS = YES_AGGRESSIVE;
				GCC_WARN_UNUSED_FUNCTION = YES;
				GCC_WARN_UNUSED_VARIABLE = YES;
				IPHONEOS_DEPLOYMENT_TARGET = 13.6;
				MTL_ENABLE_DEBUG_INFO = NO;
				MTL_FAST_MATH = YES;
				SDKROOT = iphoneos;
				SWIFT_COMPILATION_MODE = wholemodule;
				SWIFT_OPTIMIZATION_LEVEL = "-O";
				VALIDATE_PRODUCT = YES;
			};
			name = Release;
		};
		C17E6A7724C23901000322C4 /* Debug */ = {
			isa = XCBuildConfiguration;
			buildSettings = {
				ASSETCATALOG_COMPILER_APPICON_NAME = AppIcon;
				CODE_SIGN_STYLE = Automatic;
				INFOPLIST_FILE = tip/Info.plist;
				LD_RUNPATH_SEARCH_PATHS = (
					"$(inherited)",
					"@executable_path/Frameworks",
				);
				PRODUCT_BUNDLE_IDENTIFIER = Codepath.tip;
				PRODUCT_NAME = "$(TARGET_NAME)";
				SWIFT_VERSION = 5.0;
				TARGETED_DEVICE_FAMILY = "1,2";
			};
			name = Debug;
		};
		C17E6A7824C23901000322C4 /* Release */ = {
			isa = XCBuildConfiguration;
			buildSettings = {
				ASSETCATALOG_COMPILER_APPICON_NAME = AppIcon;
				CODE_SIGN_STYLE = Automatic;
				INFOPLIST_FILE = tip/Info.plist;
				LD_RUNPATH_SEARCH_PATHS = (
					"$(inherited)",
					"@executable_path/Frameworks",
				);
				PRODUCT_BUNDLE_IDENTIFIER = Codepath.tip;
				PRODUCT_NAME = "$(TARGET_NAME)";
				SWIFT_VERSION = 5.0;
				TARGETED_DEVICE_FAMILY = "1,2";
			};
			name = Release;
		};
		C17E6A7A24C23901000322C4 /* Debug */ = {
			isa = XCBuildConfiguration;
			buildSettings = {
				ALWAYS_EMBED_SWIFT_STANDARD_LIBRARIES = YES;
				BUNDLE_LOADER = "$(TEST_HOST)";
				CODE_SIGN_STYLE = Automatic;
				INFOPLIST_FILE = tipTests/Info.plist;
				IPHONEOS_DEPLOYMENT_TARGET = 13.6;
				LD_RUNPATH_SEARCH_PATHS = (
					"$(inherited)",
					"@executable_path/Frameworks",
					"@loader_path/Frameworks",
				);
				PRODUCT_BUNDLE_IDENTIFIER = Codepath.tipTests;
				PRODUCT_NAME = "$(TARGET_NAME)";
				SWIFT_VERSION = 5.0;
				TARGETED_DEVICE_FAMILY = "1,2";
				TEST_HOST = "$(BUILT_PRODUCTS_DIR)/tip.app/tip";
			};
			name = Debug;
		};
		C17E6A7B24C23901000322C4 /* Release */ = {
			isa = XCBuildConfiguration;
			buildSettings = {
				ALWAYS_EMBED_SWIFT_STANDARD_LIBRARIES = YES;
				BUNDLE_LOADER = "$(TEST_HOST)";
				CODE_SIGN_STYLE = Automatic;
				INFOPLIST_FILE = tipTests/Info.plist;
				IPHONEOS_DEPLOYMENT_TARGET = 13.6;
				LD_RUNPATH_SEARCH_PATHS = (
					"$(inherited)",
					"@executable_path/Frameworks",
					"@loader_path/Frameworks",
				);
				PRODUCT_BUNDLE_IDENTIFIER = Codepath.tipTests;
				PRODUCT_NAME = "$(TARGET_NAME)";
				SWIFT_VERSION = 5.0;
				TARGETED_DEVICE_FAMILY = "1,2";
				TEST_HOST = "$(BUILT_PRODUCTS_DIR)/tip.app/tip";
			};
			name = Release;
		};
		C17E6A7D24C23901000322C4 /* Debug */ = {
			isa = XCBuildConfiguration;
			buildSettings = {
				ALWAYS_EMBED_SWIFT_STANDARD_LIBRARIES = YES;
				CODE_SIGN_STYLE = Automatic;
				INFOPLIST_FILE = tipUITests/Info.plist;
				LD_RUNPATH_SEARCH_PATHS = (
					"$(inherited)",
					"@executable_path/Frameworks",
					"@loader_path/Frameworks",
				);
				PRODUCT_BUNDLE_IDENTIFIER = Codepath.tipUITests;
				PRODUCT_NAME = "$(TARGET_NAME)";
				SWIFT_VERSION = 5.0;
				TARGETED_DEVICE_FAMILY = "1,2";
				TEST_TARGET_NAME = tip;
			};
			name = Debug;
		};
		C17E6A7E24C23901000322C4 /* Release */ = {
			isa = XCBuildConfiguration;
			buildSettings = {
				ALWAYS_EMBED_SWIFT_STANDARD_LIBRARIES = YES;
				CODE_SIGN_STYLE = Automatic;
				INFOPLIST_FILE = tipUITests/Info.plist;
				LD_RUNPATH_SEARCH_PATHS = (
					"$(inherited)",
					"@executable_path/Frameworks",
					"@loader_path/Frameworks",
				);
				PRODUCT_BUNDLE_IDENTIFIER = Codepath.tipUITests;
				PRODUCT_NAME = "$(TARGET_NAME)";
				SWIFT_VERSION = 5.0;
				TARGETED_DEVICE_FAMILY = "1,2";
				TEST_TARGET_NAME = tip;
			};
			name = Release;
		};
/* End XCBuildConfiguration section */

/* Begin XCConfigurationList section */
		C17E6A4724C23900000322C4 /* Build configuration list for PBXProject "tip" */ = {
			isa = XCConfigurationList;
			buildConfigurations = (
				C17E6A7424C23901000322C4 /* Debug */,
				C17E6A7524C23901000322C4 /* Release */,
			);
			defaultConfigurationIsVisible = 0;
			defaultConfigurationName = Release;
		};
		C17E6A7624C23901000322C4 /* Build configuration list for PBXNativeTarget "tip" */ = {
			isa = XCConfigurationList;
			buildConfigurations = (
				C17E6A7724C23901000322C4 /* Debug */,
				C17E6A7824C23901000322C4 /* Release */,
			);
			defaultConfigurationIsVisible = 0;
			defaultConfigurationName = Release;
		};
		C17E6A7924C23901000322C4 /* Build configuration list for PBXNativeTarget "tipTests" */ = {
			isa = XCConfigurationList;
			buildConfigurations = (
				C17E6A7A24C23901000322C4 /* Debug */,
				C17E6A7B24C23901000322C4 /* Release */,
			);
			defaultConfigurationIsVisible = 0;
			defaultConfigurationName = Release;
		};
		C17E6A7C24C23901000322C4 /* Build configuration list for PBXNativeTarget "tipUITests" */ = {
			isa = XCConfigurationList;
			buildConfigurations = (
				C17E6A7D24C23901000322C4 /* Debug */,
				C17E6A7E24C23901000322C4 /* Release */,
			);
			defaultConfigurationIsVisible = 0;
			defaultConfigurationName = Release;
		};
/* End XCConfigurationList section */
	};
	rootObject = C17E6A4424C23900000322C4 /* Project object */;
}
